{
  "name": "krot-pixi-plugin",
  "version": "1.0.0",
  "lockfileVersion": 1,
  "requires": true,
  "dependencies": {
    "@pixi/accessibility": {
      "version": "5.1.4",
      "resolved": "https://registry.npmjs.org/@pixi/accessibility/-/accessibility-5.1.4.tgz",
      "integrity": "sha512-Q/osHS/F8LrZCvqduIRuHCrAC0tTe25Qve3jyolJBuVznuDMF1hcxZihpbEi3dOOJpi5H9QrzWm0lvpjnpnkww==",
      "requires": {
        "@pixi/core": "^5.1.4",
        "@pixi/display": "^5.1.3",
        "@pixi/utils": "^5.1.3"
      }
    },
    "@pixi/app": {
      "version": "5.1.4",
      "resolved": "https://registry.npmjs.org/@pixi/app/-/app-5.1.4.tgz",
      "integrity": "sha512-4HQZ72s5KX64ksYD6oQCEPb/AnocHIdjlrENSPN/B+tEJGkdwbXgw5xGiokDk9ct//7cqK4sZzL2vj+tsAjzNQ==",
      "requires": {
        "@pixi/core": "^5.1.4",
        "@pixi/display": "^5.1.3"
      }
    },
    "@pixi/constants": {
      "version": "5.1.0",
      "resolved": "https://registry.npmjs.org/@pixi/constants/-/constants-5.1.0.tgz",
      "integrity": "sha512-86cogDvjF9yNvmxeizwkIhA0Kl2z3gUSWMf2daYx903dzyje7fwkzRrKLnqDUn6vSAxRXiska0DMJhwYsIC29w=="
    },
    "@pixi/core": {
      "version": "5.1.4",
      "resolved": "https://registry.npmjs.org/@pixi/core/-/core-5.1.4.tgz",
      "integrity": "sha512-j4VT2GNzHSAs3AZ5xJnKxBt/58GILPWp53pD5ujYGlYxVj4J57qLWhIS89FmbcIa4/fUqvK3A12wQlbbOwsVaQ==",
      "requires": {
        "@pixi/constants": "^5.1.0",
        "@pixi/display": "^5.1.3",
        "@pixi/math": "^5.1.0",
        "@pixi/runner": "^5.1.1",
        "@pixi/settings": "^5.1.3",
        "@pixi/ticker": "^5.1.3",
        "@pixi/utils": "^5.1.3"
      }
    },
    "@pixi/display": {
      "version": "5.1.3",
      "resolved": "https://registry.npmjs.org/@pixi/display/-/display-5.1.3.tgz",
      "integrity": "sha512-zQJfwH9tSilEfpajVJKM2bavIXBFMokscXyFIdokBSjLQL22mgEyR0mHZ3u6OECUa0PEVUA64eePv6KmPZ+bJQ==",
      "requires": {
        "@pixi/math": "^5.1.0",
        "@pixi/settings": "^5.1.3",
        "@pixi/utils": "^5.1.3"
      }
    },
    "@pixi/extract": {
      "version": "5.1.4",
      "resolved": "https://registry.npmjs.org/@pixi/extract/-/extract-5.1.4.tgz",
      "integrity": "sha512-IziHuwtBaiLDAHHsHdGdx9DQidPu62UMhhZJeTW0/GZEX++Idmb7d1X5XySkckUE8WO426flQLt6mxE540OYdg==",
      "requires": {
        "@pixi/core": "^5.1.4",
        "@pixi/math": "^5.1.0",
        "@pixi/utils": "^5.1.3"
      }
    },
    "@pixi/filter-alpha": {
      "version": "5.1.4",
      "resolved": "https://registry.npmjs.org/@pixi/filter-alpha/-/filter-alpha-5.1.4.tgz",
      "integrity": "sha512-6yhMtWgOSKxFetorA7jz25FXOaTyLSoVED/D359X/n41JLs7bKp4R/4y1jHxJF4DM6SBaIwsG+x4lBnmFWDaFA==",
      "requires": {
        "@pixi/core": "^5.1.4"
      }
    },
    "@pixi/filter-blur": {
      "version": "5.1.4",
      "resolved": "https://registry.npmjs.org/@pixi/filter-blur/-/filter-blur-5.1.4.tgz",
      "integrity": "sha512-78qiXEF45e3tRehinr4U0tQX8ewS6biroegCCa1KHB/5KbhKud9lvgdaqnRkGsC+S3gizNadGXkuHISDI3LPlw==",
      "requires": {
        "@pixi/core": "^5.1.4",
        "@pixi/settings": "^5.1.3"
      }
    },
    "@pixi/filter-color-matrix": {
      "version": "5.1.4",
      "resolved": "https://registry.npmjs.org/@pixi/filter-color-matrix/-/filter-color-matrix-5.1.4.tgz",
      "integrity": "sha512-t4+ambuiH90juHx5MbwOuM8eCS+Aw6GQIupqnSYZODbC/ebkjZ2o5y/3vcsdppJ4y+EmUgJRP+G/Fi0EeZehXQ==",
      "requires": {
        "@pixi/core": "^5.1.4"
      }
    },
    "@pixi/filter-displacement": {
      "version": "5.1.4",
      "resolved": "https://registry.npmjs.org/@pixi/filter-displacement/-/filter-displacement-5.1.4.tgz",
      "integrity": "sha512-zjsIta+pxPTSlXNgy6ZAklpfGB53GlfWXOwSjBKkVLlX68yhib1zadPC8yLZtAB30naL/670mZ9F4Sbmji9MUA==",
      "requires": {
        "@pixi/core": "^5.1.4",
        "@pixi/math": "^5.1.0"
      }
    },
    "@pixi/filter-fxaa": {
      "version": "5.1.4",
      "resolved": "https://registry.npmjs.org/@pixi/filter-fxaa/-/filter-fxaa-5.1.4.tgz",
      "integrity": "sha512-YBSedoFS0TNHZ7q8bgCg9d3NGaAujnYeRjZARaxACuoucVC9dQFLYKgGbL7xRX5rQWCBtcoo/GpvocF1bA/pew==",
      "requires": {
        "@pixi/core": "^5.1.4"
      }
    },
    "@pixi/filter-noise": {
      "version": "5.1.4",
      "resolved": "https://registry.npmjs.org/@pixi/filter-noise/-/filter-noise-5.1.4.tgz",
      "integrity": "sha512-6PoHaoW22Tl4lo5rTP+1bMAd4rueNhsa/Svj1n+ZlfQ6HdWhLBv1GY2AsCFVD54uXEckuMqmYFjI8HCBK2GWbQ==",
      "requires": {
        "@pixi/core": "^5.1.4"
      }
    },
    "@pixi/graphics": {
      "version": "5.1.4",
      "resolved": "https://registry.npmjs.org/@pixi/graphics/-/graphics-5.1.4.tgz",
      "integrity": "sha512-LWbI0f/gilC72DfIZb4w8ew6LyriH6N99UGRid19QqryugQLZKS8VXUIkDtHkag+Umsxor11LefWS4lpPb2aRA==",
      "requires": {
        "@pixi/constants": "^5.1.0",
        "@pixi/core": "^5.1.4",
        "@pixi/display": "^5.1.3",
        "@pixi/math": "^5.1.0",
        "@pixi/sprite": "^5.1.4",
        "@pixi/utils": "^5.1.3"
      }
    },
    "@pixi/interaction": {
      "version": "5.1.4",
      "resolved": "https://registry.npmjs.org/@pixi/interaction/-/interaction-5.1.4.tgz",
      "integrity": "sha512-7aDwC7NjfMZXdvzhM508yV5Z6K3FEA/ZAT13xNHIX+ET4CdDBkSXhOQi7paEzdx9N6ZeyDuxDM6HWvHwIxN6ug==",
      "requires": {
        "@pixi/core": "^5.1.4",
        "@pixi/display": "^5.1.3",
        "@pixi/math": "^5.1.0",
        "@pixi/ticker": "^5.1.3",
        "@pixi/utils": "^5.1.3"
      }
    },
    "@pixi/loaders": {
      "version": "5.1.4",
      "resolved": "https://registry.npmjs.org/@pixi/loaders/-/loaders-5.1.4.tgz",
      "integrity": "sha512-Yu6knvpiffNdaXlqzRFwQtZY2Ky3JPJMugYHYolmZ1DqE9l6sJa0qeC2jCd6Vq4Za6ren0gKTS6cvQH7wnVpFQ==",
      "requires": {
        "@pixi/core": "^5.1.4",
        "@pixi/utils": "^5.1.3",
        "resource-loader": "^3.0.1"
      }
    },
    "@pixi/math": {
      "version": "5.1.0",
      "resolved": "https://registry.npmjs.org/@pixi/math/-/math-5.1.0.tgz",
      "integrity": "sha512-Vf9W4SgYRRQMdSq8tFViKKKGCU3iklf0RDzd+wzp4gezOxe3m0PLB7XKwvVrP1hRjUh49zIAL9JBpYREPS1EMw=="
    },
    "@pixi/mesh": {
      "version": "5.1.4",
      "resolved": "https://registry.npmjs.org/@pixi/mesh/-/mesh-5.1.4.tgz",
      "integrity": "sha512-xA+QOM9WOYofWin+K1w2+Iar64Zwx2dT3goLRtcdem9aDiTdgzL7BK2jIj83A0gKO5C2IGq3gHCwZ/yp/vpeTA==",
      "requires": {
        "@pixi/constants": "^5.1.0",
        "@pixi/core": "^5.1.4",
        "@pixi/display": "^5.1.3",
        "@pixi/math": "^5.1.0",
        "@pixi/settings": "^5.1.3",
        "@pixi/utils": "^5.1.3"
      }
    },
    "@pixi/mesh-extras": {
      "version": "5.1.4",
      "resolved": "https://registry.npmjs.org/@pixi/mesh-extras/-/mesh-extras-5.1.4.tgz",
      "integrity": "sha512-PiryKOFx+zFwZtY1XqFusH6L3T3/nPJJ/aO2AlwrmWt5TCW8tgAy9B8VN4ILZ71n9zMciFrf3R7N637fec3Byg==",
      "requires": {
        "@pixi/constants": "^5.1.0",
        "@pixi/core": "^5.1.4",
        "@pixi/math": "^5.1.0",
        "@pixi/mesh": "^5.1.4",
        "@pixi/utils": "^5.1.3"
      }
    },
    "@pixi/mixin-cache-as-bitmap": {
      "version": "5.1.4",
      "resolved": "https://registry.npmjs.org/@pixi/mixin-cache-as-bitmap/-/mixin-cache-as-bitmap-5.1.4.tgz",
      "integrity": "sha512-8o+TJijBAm+yyneFZOEZB8AmMhms1yJeVMwfzQWZ97ibDDp9rO3AKohpECgU/y8R5VY9GK3t3V5jwCFSCkL1jA==",
      "requires": {
        "@pixi/core": "^5.1.4",
        "@pixi/display": "^5.1.3",
        "@pixi/math": "^5.1.0",
        "@pixi/settings": "^5.1.3",
        "@pixi/sprite": "^5.1.4",
        "@pixi/utils": "^5.1.3"
      }
    },
    "@pixi/mixin-get-child-by-name": {
      "version": "5.1.3",
      "resolved": "https://registry.npmjs.org/@pixi/mixin-get-child-by-name/-/mixin-get-child-by-name-5.1.3.tgz",
      "integrity": "sha512-0nvNfcQAeND9iuzQr0AYCxINDaXQx5Kft8Fauu0T4LKbYAchO0qzuSpv7L+cD4LvKdvGQyxHHWP6u4wQ9yuKrg==",
      "requires": {
        "@pixi/display": "^5.1.3"
      }
    },
    "@pixi/mixin-get-global-position": {
      "version": "5.1.3",
      "resolved": "https://registry.npmjs.org/@pixi/mixin-get-global-position/-/mixin-get-global-position-5.1.3.tgz",
      "integrity": "sha512-dgIUjjIDnI/wrNXt+ROWdv0syQeV5hlt/TJot/ULXw6HnBoDDmXqcKzIp38o3Ei6n2eQ0CUVbKYGd668tdk5EQ==",
      "requires": {
        "@pixi/display": "^5.1.3",
        "@pixi/math": "^5.1.0"
      }
    },
    "@pixi/particles": {
      "version": "5.1.4",
      "resolved": "https://registry.npmjs.org/@pixi/particles/-/particles-5.1.4.tgz",
      "integrity": "sha512-8AGn7OD0dPHDDl5X6v1qPjDvm+GDdgFkR05EXPfMrUU4F4jYnaV2b98bBwqB0EAK5pDRMc3Cb9CYBfpiO+ny7Q==",
      "requires": {
        "@pixi/constants": "^5.1.0",
        "@pixi/core": "^5.1.4",
        "@pixi/display": "^5.1.3",
        "@pixi/math": "^5.1.0",
        "@pixi/utils": "^5.1.3"
      }
    },
    "@pixi/polyfill": {
      "version": "5.1.0",
      "resolved": "https://registry.npmjs.org/@pixi/polyfill/-/polyfill-5.1.0.tgz",
      "integrity": "sha512-8M3nYCO0a599fsdLW7wv9SBYriMqS1QckKAkRuN2JualRuK/GjxZjm5Vcbcwc1gGONRUKZroH12CuPyTcU2HnQ==",
      "requires": {
        "es6-promise-polyfill": "^1.2.0",
        "object-assign": "^4.1.1"
      }
    },
    "@pixi/prepare": {
      "version": "5.1.4",
      "resolved": "https://registry.npmjs.org/@pixi/prepare/-/prepare-5.1.4.tgz",
      "integrity": "sha512-as0zvDwTYB7QItUKnkzZd4aJ/9JLDvIZkxbtBs8P2QkPCBbECT2Y/UwydKqIcqTtu7B2acv47UipP6/n0CSBvQ==",
      "requires": {
        "@pixi/core": "^5.1.4",
        "@pixi/display": "^5.1.3",
        "@pixi/graphics": "^5.1.4",
        "@pixi/settings": "^5.1.3",
        "@pixi/text": "^5.1.4",
        "@pixi/ticker": "^5.1.3"
      }
    },
    "@pixi/runner": {
      "version": "5.1.1",
      "resolved": "https://registry.npmjs.org/@pixi/runner/-/runner-5.1.1.tgz",
      "integrity": "sha512-cOkWsRZlEgOB4IuiUW0PvU0JDMNpNTtyLeECg4DwIDYW4uQ0033zaZFSsN0EOeX0TFkpBmaJsgEIwpmw32VU0w=="
    },
    "@pixi/settings": {
      "version": "5.1.3",
      "resolved": "https://registry.npmjs.org/@pixi/settings/-/settings-5.1.3.tgz",
      "integrity": "sha512-goYjVYuklNMFWFq54J7u4eYVe+qmLe6AQP+b+hF+Kskw7tSXrAVTHROqrEiqPqKSCL9umorOi6T/ZTXhk8i4Wg==",
      "requires": {
        "ismobilejs": "^0.5.1"
      }
    },
    "@pixi/sprite": {
      "version": "5.1.4",
      "resolved": "https://registry.npmjs.org/@pixi/sprite/-/sprite-5.1.4.tgz",
      "integrity": "sha512-yeQTzGDSwu5XYCMmznWnSMuIU1sqjlQOgDrrubD1iZ8FcDz6VIBSed19nUqZxHMOKS2LSfSVVLN4l9g2BuNUIQ==",
      "requires": {
        "@pixi/constants": "^5.1.0",
        "@pixi/core": "^5.1.4",
        "@pixi/display": "^5.1.3",
        "@pixi/math": "^5.1.0",
        "@pixi/settings": "^5.1.3",
        "@pixi/utils": "^5.1.3"
      }
    },
    "@pixi/sprite-animated": {
      "version": "5.1.4",
      "resolved": "https://registry.npmjs.org/@pixi/sprite-animated/-/sprite-animated-5.1.4.tgz",
      "integrity": "sha512-tRhBCCz9yFCQ4sRU6HOWk0Af7m+YmLq/dpjpdsDS7YKKW1rBVeS/eokTub8hCPhSS2x0rxIus0aUg9LXAlGklA==",
      "requires": {
        "@pixi/core": "^5.1.4",
        "@pixi/sprite": "^5.1.4",
        "@pixi/ticker": "^5.1.3"
      }
    },
    "@pixi/sprite-tiling": {
      "version": "5.1.4",
      "resolved": "https://registry.npmjs.org/@pixi/sprite-tiling/-/sprite-tiling-5.1.4.tgz",
      "integrity": "sha512-Rtzap4g7DujLr93vqjhwhItWokJt7v13IVrU0Y33Y02VmwVno/R397b8y2Q5ekIZivdkh1lzVEzAxBnmARSxEg==",
      "requires": {
        "@pixi/constants": "^5.1.0",
        "@pixi/core": "^5.1.4",
        "@pixi/display": "^5.1.3",
        "@pixi/math": "^5.1.0",
        "@pixi/sprite": "^5.1.4",
        "@pixi/utils": "^5.1.3"
      }
    },
    "@pixi/spritesheet": {
      "version": "5.1.4",
      "resolved": "https://registry.npmjs.org/@pixi/spritesheet/-/spritesheet-5.1.4.tgz",
      "integrity": "sha512-FMYa0ipfBHRGQJWhbvEotkPqBpdduGMMwE1F3GrfKDTcxnAHYLg1uAQZuFnxr7xlwPvS8afdYF59300mhyFFTA==",
      "requires": {
        "@pixi/core": "^5.1.4",
        "@pixi/loaders": "^5.1.4",
        "@pixi/math": "^5.1.0",
        "@pixi/utils": "^5.1.3"
      }
    },
    "@pixi/text": {
      "version": "5.1.4",
      "resolved": "https://registry.npmjs.org/@pixi/text/-/text-5.1.4.tgz",
      "integrity": "sha512-9OhwXs3taifCncRnaoVwVzqE0LDEwKRq+M944H20fhuwt7ysm1OPFF0eR7iShlDhUWSHbnGbcfsXzLNK6+Z8hw==",
      "requires": {
        "@pixi/core": "^5.1.4",
        "@pixi/math": "^5.1.0",
        "@pixi/settings": "^5.1.3",
        "@pixi/sprite": "^5.1.4",
        "@pixi/utils": "^5.1.3"
      }
    },
    "@pixi/text-bitmap": {
      "version": "5.1.4",
      "resolved": "https://registry.npmjs.org/@pixi/text-bitmap/-/text-bitmap-5.1.4.tgz",
      "integrity": "sha512-/HxDMCbmGsNJqpoc/ff+ZIErd5pkQF0Vjashq8IYSfqj6vV7b6bPOSp8uMLZaPTQgsMF67/9eo6aNVJW7ONC7A==",
      "requires": {
        "@pixi/core": "^5.1.4",
        "@pixi/display": "^5.1.3",
        "@pixi/loaders": "^5.1.4",
        "@pixi/math": "^5.1.0",
        "@pixi/settings": "^5.1.3",
        "@pixi/sprite": "^5.1.4",
        "@pixi/utils": "^5.1.3"
      }
    },
    "@pixi/ticker": {
      "version": "5.1.3",
      "resolved": "https://registry.npmjs.org/@pixi/ticker/-/ticker-5.1.3.tgz",
      "integrity": "sha512-IuJTMTfdboR6049b+HnSClGj7Lz5gObVoxuMc3flY493XAvrQk4XrBo57QDlVOdjVBiDW0gZ9DlUr1lwNFI7zQ==",
      "requires": {
        "@pixi/settings": "^5.1.3"
      }
    },
    "@pixi/utils": {
      "version": "5.1.3",
      "resolved": "https://registry.npmjs.org/@pixi/utils/-/utils-5.1.3.tgz",
      "integrity": "sha512-w2ULIc97p1tnAZ7L0aSClDeIpuCYrauOKbnWYG8C8zTVfHWFKAHVamvzYnVaeXw4CN9jwERK/JYY/y2VFZXHuw==",
      "requires": {
        "@pixi/constants": "^5.1.0",
        "@pixi/settings": "^5.1.3",
        "earcut": "^2.1.5",
        "eventemitter3": "^3.1.0",
        "url": "^0.11.0"
      }
    },
    "earcut": {
      "version": "2.2.1",
      "resolved": "https://registry.npmjs.org/earcut/-/earcut-2.2.1.tgz",
      "integrity": "sha512-5jIMi2RB3HtGPHcYd9Yyl0cczo84y+48lgKPxMijliNQaKAHEZJbdzLmKmdxG/mCdS/YD9DQ1gihL8mxzR0F9w=="
    },
    "es6-promise-polyfill": {
      "version": "1.2.0",
      "resolved": "https://registry.npmjs.org/es6-promise-polyfill/-/es6-promise-polyfill-1.2.0.tgz",
      "integrity": "sha1-84kl8jyz4+jObNqP93T867sJDN4="
    },
    "eventemitter3": {
      "version": "3.1.2",
      "resolved": "https://registry.npmjs.org/eventemitter3/-/eventemitter3-3.1.2.tgz",
      "integrity": "sha512-tvtQIeLVHjDkJYnzf2dgVMxfuSGJeM/7UCG17TT4EumTfNtF+0nebF/4zWOIkCreAbtNqhGEboB6BWrwqNaw4Q=="
    },
    "ismobilejs": {
      "version": "0.5.2",
      "resolved": "https://registry.npmjs.org/ismobilejs/-/ismobilejs-0.5.2.tgz",
      "integrity": "sha512-ta9UdV60xVZk/ZafFtSFslQaE76SvNkcs1r73d2PVR21zVzx9xuYv9tNe4MxA1NN7WoeCc2RjGot3Bz1eHDx3Q=="
    },
    "krot-pixi": {
      "version": "1.1.3",
      "resolved": "https://registry.npmjs.org/krot-pixi/-/krot-pixi-1.1.3.tgz",
      "integrity": "sha512-fDDB8IccAVzuW6OnPbWHOTQWsTuEOrGQSK11/h3on8M4x7HFTJSyaxWG7WX5x4ZqDPm0UGN3rvYWYAHoqNfjuw==",
      "requires": {
        "text-icons": "^2.0.1"
      }
    },
    "mini-signals": {
      "version": "1.2.0",
      "resolved": "https://registry.npmjs.org/mini-signals/-/mini-signals-1.2.0.tgz",
      "integrity": "sha1-RbCAE8X65RokqhqTXNMXye1yHXQ="
    },
    "object-assign": {
      "version": "4.1.1",
      "resolved": "https://registry.npmjs.org/object-assign/-/object-assign-4.1.1.tgz",
      "integrity": "sha1-IQmtx5ZYh8/AXLvUQsrIv7s2CGM="
    },
    "parse-uri": {
      "version": "1.0.0",
      "resolved": "https://registry.npmjs.org/parse-uri/-/parse-uri-1.0.0.tgz",
      "integrity": "sha1-KHLcwi8aeXrN4Vg9igrClVLdrCA="
    },
    "pixi.js": {
      "version": "5.1.4",
      "resolved": "https://registry.npmjs.org/pixi.js/-/pixi.js-5.1.4.tgz",
      "integrity": "sha512-sGEKg4Q94upSU2EdBn8Rvb1BRUegYeTqvY60jBCYRzKixm2BQqndUEG8Qe7PWgemfs6QKyNQLY9TMpPTWL71Fg==",
      "requires": {
        "@pixi/accessibility": "^5.1.4",
        "@pixi/app": "^5.1.4",
        "@pixi/constants": "^5.1.0",
        "@pixi/core": "^5.1.4",
        "@pixi/display": "^5.1.3",
        "@pixi/extract": "^5.1.4",
        "@pixi/filter-alpha": "^5.1.4",
        "@pixi/filter-blur": "^5.1.4",
        "@pixi/filter-color-matrix": "^5.1.4",
        "@pixi/filter-displacement": "^5.1.4",
        "@pixi/filter-fxaa": "^5.1.4",
        "@pixi/filter-noise": "^5.1.4",
        "@pixi/graphics": "^5.1.4",
        "@pixi/interaction": "^5.1.4",
        "@pixi/loaders": "^5.1.4",
        "@pixi/math": "^5.1.0",
        "@pixi/mesh": "^5.1.4",
        "@pixi/mesh-extras": "^5.1.4",
        "@pixi/mixin-cache-as-bitmap": "^5.1.4",
        "@pixi/mixin-get-child-by-name": "^5.1.3",
        "@pixi/mixin-get-global-position": "^5.1.3",
        "@pixi/particles": "^5.1.4",
        "@pixi/polyfill": "^5.1.0",
        "@pixi/prepare": "^5.1.4",
        "@pixi/runner": "^5.1.1",
        "@pixi/settings": "^5.1.3",
        "@pixi/sprite": "^5.1.4",
        "@pixi/sprite-animated": "^5.1.4",
        "@pixi/sprite-tiling": "^5.1.4",
        "@pixi/spritesheet": "^5.1.4",
        "@pixi/text": "^5.1.4",
        "@pixi/text-bitmap": "^5.1.4",
        "@pixi/ticker": "^5.1.3",
        "@pixi/utils": "^5.1.3"
      }
    },
    "punycode": {
      "version": "1.3.2",
      "resolved": "https://registry.npmjs.org/punycode/-/punycode-1.3.2.tgz",
      "integrity": "sha1-llOgNvt8HuQjQvIyXM7v6jkmxI0="
    },
    "querystring": {
      "version": "0.2.0",
      "resolved": "https://registry.npmjs.org/querystring/-/querystring-0.2.0.tgz",
      "integrity": "sha1-sgmEkgO7Jd+CDadW50cAWHhSFiA="
    },
    "resource-loader": {
      "version": "3.0.1",
      "resolved": "https://registry.npmjs.org/resource-loader/-/resource-loader-3.0.1.tgz",
      "integrity": "sha512-fBuCRbEHdLCI1eglzQhUv9Rrdcmqkydr1r6uHE2cYHvRBrcLXeSmbE/qI/urFt8rPr/IGxir3BUwM5kUK8XoyA==",
      "requires": {
        "mini-signals": "^1.2.0",
        "parse-uri": "^1.0.0"
      }
    },
    "text-icons": {
      "version": "2.0.1",
      "resolved": "https://registry.npmjs.org/text-icons/-/text-icons-2.0.1.tgz",
      "integrity": "sha512-HkiDoPb6/OLxbe7bGA7NrRUxWM3qksnPw4ikwVxzxLQnKBjrZdCAmt7/auKariIUr1eyFs2RCvHR7PNUrCzhkw=="
    },
    "url": {
      "version": "0.11.0",
      "resolved": "https://registry.npmjs.org/url/-/url-0.11.0.tgz",
      "integrity": "sha1-ODjpfPxgUh63PFJajlW/3Z4uKPE=",
      "requires": {
        "punycode": "1.3.2",
        "querystring": "0.2.0"
      }
    },
    "webfontloader": {
      "version": "1.6.28",
      "resolved": "https://registry.npmjs.org/webfontloader/-/webfontloader-1.6.28.tgz",
      "integrity": "sha1-23hhKSU8tujq5UwvsF+HCvZnW64="
    }
  }
}
